Microsoft Visual Studio Solution File, Format Version 11.00
# Visual Studio 2008

Project("{64D3292C-289D-F7AC-FF8F-0D4B18A1BEA1}") = "simpleSdk", "Assembly-CSharp.csproj", "{AD74F357-77C7-A575-97A9-3424401777BE}"
EndProject
Project("{64D3292C-289D-F7AC-FF8F-0D4B18A1BEA1}") = "simpleSdk", "Assembly-CSharp-Editor.csproj", "{D36963AD-0BB2-489F-BEBC-DCF4435560E3}"
EndProject
Global
	GlobalSection(SolutionConfigurationPlatforms) = preSolution
		Debug|Any CPU = Debug|Any CPU
		Release|Any CPU = Release|Any CPU
	EndGlobalSection
	GlobalSection(ProjectConfigurationPlatforms) = postSolution
		{AD74F357-77C7-A575-97A9-3424401777BE}.Debug|Any CPU.ActiveCfg = Debug|Any CPU
		{AD74F357-77C7-A575-97A9-3424401777BE}.Debug|Any CPU.Build.0 = Debug|Any CPU
		{AD74F357-77C7-A575-97A9-3424401777BE}.Release|Any CPU.ActiveCfg = Release|Any CPU
		{AD74F357-77C7-A575-97A9-3424401777BE}.Release|Any CPU.Build.0 = Release|Any CPU
		{D36963AD-0BB2-489F-BEBC-DCF4435560E3}.Debug|Any CPU.ActiveCfg = Debug|Any CPU
		{D36963AD-0BB2-489F-BEBC-DCF4435560E3}.Debug|Any CPU.Build.0 = Debug|Any CPU
		{D36963AD-0BB2-489F-BEBC-DCF4435560E3}.Release|Any CPU.ActiveCfg = Release|Any CPU
		{D36963AD-0BB2-489F-BEBC-DCF4435560E3}.Release|Any CPU.Build.0 = Release|Any CPU
	EndGlobalSection
	GlobalSection(SolutionProperties) = preSolution
		HideSolutionNode = FALSE
	EndGlobalSection
	GlobalSection(MonoDevelopProperties) = preSolution
		StartupItem = Assembly-CSharp.csproj
	EndGlobalSection
EndGlobal
